
Microsoft Visual Studio Solution File, Format Version 12.00
# Visual Studio Version 16
VisualStudioVersion = 16.0.30711.63
MinimumVisualStudioVersion = 10.0.40219.1
Project("{FAE04EC0-301F-11D3-BF4B-00C04F79EFBC}") = "MiniProjectCore", "MiniProjectCore\MiniProjectCore.csproj", "{2780ABE2-9D84-4A26-956D-C679FCAA0FD3}"
EndProject
Global
	GlobalSection(SolutionConfigurationPlatforms) = preSolution
		Debug|Any CPU = Debug|Any CPU
		Release|Any CPU = Release|Any CPU
	EndGlobalSection
	GlobalSection(ProjectConfigurationPlatforms) = postSolution
		{2780ABE2-9D84-4A26-956D-C679FCAA0FD3}.Debug|Any CPU.ActiveCfg = Debug|Any CPU
		{2780ABE2-9D84-4A26-956D-C679FCAA0FD3}.Debug|Any CPU.Build.0 = Debug|Any CPU
		{2780ABE2-9D84-4A26-956D-C679FCAA0FD3}.Release|Any CPU.ActiveCfg = Release|Any CPU
		{2780ABE2-9D84-4A26-956D-C679FCAA0FD3}.Release|Any CPU.Build.0 = Release|Any CPU
	EndGlobalSection
	GlobalSection(SolutionProperties) = preSolution
		HideSolutionNode = FALSE
	EndGlobalSection
	GlobalSection(ExtensibilityGlobals) = postSolution
		SolutionGuid = {F7BAB6A2-4C89-44E9-9EA8-0A82958F7DBA}
	EndGlobalSection
EndGlobal
